<?xml version="1.0" encoding="utf-8"?>
<Project ToolsVersion="4.0" xmlns="http://schemas.microsoft.com/developer/msbuild/2003">
  <ItemGroup>
    <Filter Include="Archivos de código fuente">
      <UniqueIdentifier>{4FC737F1-C7A5-4376-A066-2A32D752A2FF}</UniqueIdentifier>
      <Extensions>cpp;c;cc;cxx;def;odl;idl;hpj;bat;asm;asmx</Extensions>
    </Filter>
    <Filter Include="Archivos de encabezado">
      <UniqueIdentifier>{93995380-89BD-4b04-88EB-625FBE52EBFB}</UniqueIdentifier>
      <Extensions>h;hpp;hxx;hm;inl;inc;xsd</Extensions>
    </Filter>
    <Filter Include="Archivos de recursos">
      <UniqueIdentifier>{67DA6AB6-F800-4c08-8B7A-83BB121AAD01}</UniqueIdentifier>
      <Extensions>rc;ico;cur;bmp;dlg;rc2;rct;bin;rgs;gif;jpg;jpeg;jpe;resx;tiff;tif;png;wav;mfcribbon-ms</Extensions>
    </Filter>
    <Filter Include="Archivos de encabezado\Core">
      <UniqueIdentifier>{e9465c80-2171-4f50-bb8c-82a00b229790}</UniqueIdentifier>
    </Filter>
    <Filter Include="Archivos de código fuente\Core">
      <UniqueIdentifier>{0b32d24a-7299-4d3c-a8e1-b516a2f0f24f}</UniqueIdentifier>
    </Filter>
  </ItemGroup>
  <ItemGroup>
    <ClInclude Include="..\..\..\include\RAGE\Core\App.hpp">
      <Filter>Archivos de encabezado\Core</Filter>
    </ClInclude>
    <ClInclude Include="..\..\..\include\RAGE\Config.hpp">
      <Filter>Archivos de encabezado</Filter>
    </ClInclude>
    <ClInclude Include="..\..\..\include\RAGE\Core.hpp">
      <Filter>Archivos de encabezado</Filter>
    </ClInclude>
    <ClInclude Include="..\..\..\include\RAGE\Core\Export.hpp">
      <Filter>Archivos de encabezado\Core</Filter>
    </ClInclude>
    <ClInclude Include="..\..\..\include\RAGE\Core\Core_types.hpp">
      <Filter>Archivos de encabezado\Core</Filter>
    </ClInclude>
    <ClInclude Include="..\..\..\include\RAGE\Core\ConfigReader.hpp">
      <Filter>Archivos de encabezado\Core</Filter>
    </ClInclude>
    <ClInclude Include="..\..\..\include\RAGE\Core\StringUtil.hpp">
      <Filter>Archivos de encabezado\Core</Filter>
    </ClInclude>
    <ClInclude Include="..\..\..\include\RAGE\Core\ConfigCreate.hpp">
      <Filter>Archivos de encabezado\Core</Filter>
    </ClInclude>
    <ClInclude Include="..\..\..\include\RAGE\Core\AssetManager.hpp">
      <Filter>Archivos de encabezado\Core</Filter>
    </ClInclude>
  </ItemGroup>
  <ItemGroup>
    <ClCompile Include="..\..\..\src\RAGE\Core\App.cpp">
      <Filter>Archivos de código fuente\Core</Filter>
    </ClCompile>
    <ClCompile Include="..\..\..\src\RAGE\Core\ConfigReader.cpp">
      <Filter>Archivos de código fuente\Core</Filter>
    </ClCompile>
    <ClCompile Include="..\..\..\src\RAGE\Core\StringUtil.cpp">
      <Filter>Archivos de código fuente\Core</Filter>
    </ClCompile>
    <ClCompile Include="..\..\..\src\RAGE\Core\ConfigCreate.cpp">
      <Filter>Archivos de código fuente\Core</Filter>
    </ClCompile>
    <ClCompile Include="..\..\..\src\RAGE\Core\AssetManager.cpp">
      <Filter>Archivos de código fuente\Core</Filter>
    </ClCompile>
  </ItemGroup>
</Project>